# This file is automatically @generated by Wally.
# It is not intended for manual editing.
registry = "test"

[[package]]
name = "elttob/fusion"
version = "0.3.0"
dependencies = []

[[package]]
name = "pepeeltoro41/ui-labs"
version = "2.3.0"
dependencies = []

[[package]]
name = "redon-tech/emergency-vehicle-creator"
version = "3.0.0"
dependencies = [["fusion", "elttob/fusion@0.3.0"], ["redon-ui", "redon-tech/redon-ui@0.1.0-alpha.1"]]

[[package]]
name = "redon-tech/redon-ui"
version = "0.1.0-alpha.1"
dependencies = [["Fusion", "elttob/fusion@0.3.0"], ["ui-labs", "pepeeltoro41/ui-labs@2.3.0"]]
